{
    "name": "demo-app",
    "version": "1.0.0",
    "lockfileVersion": 3,
    "requires": true,
    "packages": {
        "": {
            "name": "demo-app",
            "version": "1.0.0",
            "license": "MIT",
            "dependencies": {
                "vitaliy-math-lib": "file:../my-math-lib"
            }
        },
        "../my-math-lib": {
            "name": "vitaliy-math-lib",
            "version": "1.0.0",
            "license": "MIT"
        },
        "node_modules/vitaliy-math-lib": {
            "resolved": "../my-math-lib",
            "link": true
        }
    }
}
